{
  "modules": {
    "@en/Arguments": {
      "pageid": 41298065,
      "revid": 948472485,
      "title": "Module:Arguments"
    },
    "@en/Error": {
      "pageid": 38948927,
      "revid": 750709040,
      "title": "Module:Error"
    },
    "@en/Exponential search": {
      "pageid": 45500622,
      "revid": 1138644443,
      "title": "Module:Exponential search"
    },
    "@en/Format link": {
      "pageid": 69546539,
      "revid": 1114037571,
      "title": "Module:Format link",
      "dependencies": [
        "@en/Arguments",
        "@en/Error",
        "@en/Yesno"
      ]
    },
    "@en/Hatnote": {
      "pageid": 42498502,
      "revid": 1281142802,
      "title": "Module:Hatnote",
      "dependencies": [
        "@en/Arguments",
        "@en/Yesno"
      ]
    },
    "@en/Hatnote list": {
      "pageid": 50085079,
      "revid": 1184984294,
      "title": "Module:Hatnote list",
      "dependencies": [
        "@en/Arguments",
        "@en/Format link",
        "@en/Hatnote"
      ]
    },
    "@en/Infobox": {
      "pageid": 38808424,
      "revid": 1129941009,
      "title": "Module:Infobox",
      "dependencies": [
        "@en/Italic title",
        "@en/Navbar"
      ]
    },
    "@en/Italic title": {
      "pageid": 39697931,
      "revid": 1117462724,
      "title": "Module:Italic title",
      "dependencies": [
        "@en/Arguments",
        "@en/Yesno"
      ]
    },
    "@en/Navbar": {
      "pageid": 38827227,
      "revid": 1179557823,
      "title": "Module:Navbar",
      "dependencies": [
        "@en/Arguments",
        "@en/Navbar/configuration",
        "@en/TableTools"
      ]
    },
    "@en/Navbar/configuration": {
      "pageid": 66010105,
      "revid": 1130341048,
      "title": "Module:Navbar/configuration"
    },
    "@en/String": {
      "pageid": 38569505,
      "revid": 1243840019,
      "title": "Module:String",
      "dependencies": [
        "@en/String"
      ]
    },
    "@en/TableTools": {
      "pageid": 41371028,
      "revid": 1240903756,
      "title": "Module:TableTools",
      "dependencies": [
        "@en/Exponential search"
      ]
    },
    "@en/Wd": {
      "pageid": 51376229,
      "revid": 1258646059,
      "title": "Module:Wd"
    },
    "@en/Wd/i18n": {
      "pageid": 54004752,
      "revid": 1249550506,
      "title": "Module:Wd/i18n"
    },
    "@en/Yesno": {
      "pageid": 38665046,
      "revid": 948473803,
      "title": "Module:Yesno"
    },
    "@ko/Arguments": {
      "pageid": 1080666,
      "revid": 38121521,
      "title": "\ubaa8\ub4c8:Arguments"
    },
    "@ko/Catalog lookup link": {
      "pageid": 2580206,
      "revid": 38456313,
      "title": "\ubaa8\ub4c8:Catalog lookup link",
      "dependencies": [
        "@ko/Arguments"
      ]
    },
    "@ko/Check for unknown parameters": {
      "pageid": 1305515,
      "revid": 33547260,
      "title": "\ubaa8\ub4c8:Check for unknown parameters",
      "dependencies": [
        "@ko/If preview"
      ]
    },
    "@ko/Check isxn": {
      "pageid": 1789415,
      "revid": 18902181,
      "title": "\ubaa8\ub4c8:Check isxn"
    },
    "@ko/Citation/CS1": {
      "pageid": 950941,
      "revid": 38721811,
      "title": "\ubaa8\ub4c8:Citation/CS1",
      "dependencies": [
        "@ko/Citation/CS1/COinS",
        "@ko/Citation/CS1/COinS/sandbox",
        "@ko/Citation/CS1/Configuration",
        "@ko/Citation/CS1/Configuration/sandbox",
        "@ko/Citation/CS1/Date_validation",
        "@ko/Citation/CS1/Date_validation/sandbox",
        "@ko/Citation/CS1/Identifiers",
        "@ko/Citation/CS1/Identifiers/sandbox",
        "@ko/Citation/CS1/Suggestions",
        "@ko/Citation/CS1/Suggestions/sandbox",
        "@ko/Citation/CS1/Utilities",
        "@ko/Citation/CS1/Utilities/sandbox",
        "@ko/Citation/CS1/Whitelist",
        "@ko/Citation/CS1/Whitelist/sandbox",
        "@ko/ISOdate",
        "@ko/Langname/data"
      ]
    },
    "@ko/Citation/CS1/COinS": {
      "pageid": 1481766,
      "revid": 36399130,
      "title": "\ubaa8\ub4c8:Citation/CS1/COinS"
    },
    "@ko/Citation/CS1/COinS/sandbox": {
      "pageid": 1478850,
      "revid": 32592748,
      "title": "\ubaa8\ub4c8:Citation/CS1/COinS/sandbox"
    },
    "@ko/Citation/CS1/Configuration": {
      "pageid": 950942,
      "revid": 38721810,
      "title": "\ubaa8\ub4c8:Citation/CS1/Configuration",
      "dependencies": [
        "@ko/Langname/data"
      ]
    },
    "@ko/Citation/CS1/Configuration/sandbox": {
      "pageid": 1245454,
      "revid": 32607644,
      "title": "\ubaa8\ub4c8:Citation/CS1/Configuration/sandbox"
    },
    "@ko/Citation/CS1/Date_validation": {
      "pageid": 1169882,
      "revid": 16293235,
      "title": "\ubaa8\ub4c8:Citation/CS1/Date validation"
    },
    "@ko/Citation/CS1/Date_validation/sandbox": {
      "pageid": 1245452,
      "revid": 32583082,
      "title": "\ubaa8\ub4c8:Citation/CS1/Date validation/sandbox"
    },
    "@ko/Citation/CS1/Identifiers": {
      "pageid": 1481764,
      "revid": 38826332,
      "title": "\ubaa8\ub4c8:Citation/CS1/Identifiers"
    },
    "@ko/Citation/CS1/Identifiers/sandbox": {
      "pageid": 1478847,
      "revid": 32592735,
      "title": "\ubaa8\ub4c8:Citation/CS1/Identifiers/sandbox"
    },
    "@ko/Citation/CS1/Suggestions": {
      "pageid": 1170018,
      "revid": 16293237,
      "title": "\ubaa8\ub4c8:Citation/CS1/Suggestions"
    },
    "@ko/Citation/CS1/Suggestions/sandbox": {
      "pageid": 1392708,
      "revid": 32583090,
      "title": "\ubaa8\ub4c8:Citation/CS1/Suggestions/sandbox"
    },
    "@ko/Citation/CS1/Utilities": {
      "pageid": 1481765,
      "revid": 33298728,
      "title": "\ubaa8\ub4c8:Citation/CS1/Utilities"
    },
    "@ko/Citation/CS1/Utilities/sandbox": {
      "pageid": 1478848,
      "revid": 32583084,
      "title": "\ubaa8\ub4c8:Citation/CS1/Utilities/sandbox"
    },
    "@ko/Citation/CS1/Whitelist": {
      "pageid": 950943,
      "revid": 38721809,
      "title": "\ubaa8\ub4c8:Citation/CS1/Whitelist"
    },
    "@ko/Citation/CS1/Whitelist/sandbox": {
      "pageid": 1245455,
      "revid": 32607666,
      "title": "\ubaa8\ub4c8:Citation/CS1/Whitelist/sandbox"
    },
    "@ko/Color contrast": {
      "pageid": 1364284,
      "revid": 38500924,
      "title": "\ubaa8\ub4c8:Color contrast",
      "dependencies": [
        "@ko/Color contrast/colors"
      ]
    },
    "@ko/Color contrast/colors": {
      "pageid": 1364285,
      "revid": 14883158,
      "title": "\ubaa8\ub4c8:Color contrast/colors"
    },
    "@ko/Date2": {
      "pageid": 1258818,
      "revid": 16290489,
      "title": "\ubaa8\ub4c8:Date2",
      "dependencies": [
        "@ko/Fallback",
        "@ko/I18n/date",
        "@ko/Yesno"
      ]
    },
    "@ko/Footnotes/anchor id list/data": {
      "pageid": 3086599,
      "revid": 33641687,
      "title": "\ubaa8\ub4c8:Footnotes/anchor id list/data"
    },
    "@ko/Footnotes/anchor_id_list": {
      "pageid": 3086600,
      "revid": 33641682,
      "title": "\ubaa8\ub4c8:Footnotes/anchor id list",
      "dependencies": [
        "@ko/Footnotes/anchor id list/data",
        "@ko/Footnotes/whitelist"
      ]
    },
    "@ko/Footnotes/whitelist": {
      "pageid": 3201154,
      "revid": 33300335,
      "title": "\ubaa8\ub4c8:Footnotes/whitelist"
    },
    "@ko/Footnotes2": {
      "pageid": 1181297,
      "revid": 34877826,
      "title": "\ubaa8\ub4c8:Footnotes2",
      "dependencies": [
        "@ko/Arguments",
        "@ko/Citation/CS1/Utilities",
        "@ko/Footnotes/anchor_id_list",
        "@ko/Footnotes/whitelist"
      ]
    },
    "@ko/Hangul": {
      "pageid": 933341,
      "revid": 33652202,
      "title": "\ubaa8\ub4c8:Hangul",
      "dependencies": [
        "@ko/Hangul/data"
      ]
    },
    "@ko/Hangul/data": {
      "pageid": 933340,
      "revid": 13212479,
      "title": "\ubaa8\ub4c8:Hangul/data"
    },
    "@ko/ISOdate": {
      "pageid": 1258807,
      "revid": 35215067,
      "title": "\ubaa8\ub4c8:ISOdate",
      "dependencies": [
        "@ko/Date2"
      ]
    },
    "@ko/If preview": {
      "pageid": 1894773,
      "revid": 32596723,
      "title": "\ubaa8\ub4c8:If preview",
      "dependencies": [
        "@ko/If preview/configuration"
      ]
    },
    "@ko/If preview/configuration": {
      "pageid": 3213840,
      "revid": 36476763,
      "title": "\ubaa8\ub4c8:If preview/configuration"
    },
    "@ko/Langname/data": {
      "pageid": 930466,
      "revid": 38870943,
      "title": "\ubaa8\ub4c8:Langname/data"
    },
    "@ko/Navbar": {
      "pageid": 930485,
      "revid": 36480637,
      "title": "\ubaa8\ub4c8:Navbar",
      "dependencies": [
        "@ko/Arguments",
        "@ko/Navbar/configuration",
        "@ko/TableTools"
      ]
    },
    "@ko/Navbar/configuration": {
      "pageid": 3310704,
      "revid": 36480634,
      "title": "\ubaa8\ub4c8:Navbar/configuration"
    },
    "@ko/Navbox": {
      "pageid": 930488,
      "revid": 36480767,
      "title": "\ubaa8\ub4c8:Navbox",
      "dependencies": [
        "@ko/Arguments",
        "@ko/Color contrast",
        "@ko/Navbar",
        "@ko/Navbox/configuration"
      ]
    },
    "@ko/Navbox/configuration": {
      "pageid": 3767719,
      "revid": 37950715,
      "title": "\ubaa8\ub4c8:Navbox/configuration"
    },
    "@ko/Official website": {
      "pageid": 1921209,
      "revid": 38190763,
      "title": "\ubaa8\ub4c8:Official website",
      "dependencies": [
        "@ko/Arguments",
        "@ko/URL"
      ]
    },
    "@ko/Sidebar": {
      "pageid": 945357,
      "revid": 38592385,
      "title": "\ubaa8\ub4c8:Sidebar",
      "dependencies": [
        "@ko/Arguments",
        "@ko/Navbar",
        "@ko/Sidebar/configuration"
      ]
    },
    "@ko/Sidebar/configuration": {
      "pageid": 3086768,
      "revid": 34822010,
      "title": "\ubaa8\ub4c8:Sidebar/configuration"
    },
    "@ko/TableTools": {
      "pageid": 1103423,
      "revid": 25041102,
      "title": "\ubaa8\ub4c8:TableTools"
    },
    "@ko/URL": {
      "pageid": 947620,
      "revid": 33873207,
      "title": "\ubaa8\ub4c8:URL"
    },
    "@ko/Yesno": {
      "pageid": 1082108,
      "revid": 30075748,
      "title": "\ubaa8\ub4c8:Yesno"
    },
    "@mediawikiwiki/Template translation": {
      "pageid": 131816,
      "revid": 6016441,
      "title": "Module:Template translation"
    }
  }
}